// !$*UTF8*$!
{
	archiveVersion = 1;
	classes = {
	};
	objectVersion = 52;
	objects = {

/* Begin PBXBuildFile section */
		25B79E12249A740C00D3F3CE /* AppDelegate.swift in Sources */ = {isa = PBXBuildFile; fileRef = 25B79E11249A740C00D3F3CE /* AppDelegate.swift */; };
		25B79E14249A740C00D3F3CE /* SceneDelegate.swift in Sources */ = {isa = PBXBuildFile; fileRef = 25B79E13249A740C00D3F3CE /* SceneDelegate.swift */; };
		25B79E16249A740C00D3F3CE /* ContentView.swift in Sources */ = {isa = PBXBuildFile; fileRef = 25B79E15249A740C00D3F3CE /* ContentView.swift */; };
		25B79E18249A741500D3F3CE /* Assets.xcassets in Resources */ = {isa = PBXBuildFile; fileRef = 25B79E17249A741500D3F3CE /* Assets.xcassets */; };
		25B79E1B249A741500D3F3CE /* Preview Assets.xcassets in Resources */ = {isa = PBXBuildFile; fileRef = 25B79E1A249A741500D3F3CE /* Preview Assets.xcassets */; };
		25B79E1E249A741500D3F3CE /* LaunchScreen.storyboard in Resources */ = {isa = PBXBuildFile; fileRef = 25B79E1C249A741500D3F3CE /* LaunchScreen.storyboard */; };
		25B79E2A249A75C600D3F3CE /* SDWebImageSwiftUI in Frameworks */ = {isa = PBXBuildFile; productRef = 25B79E29249A75C600D3F3CE /* SDWebImageSwiftUI */; };
		25B79E2C249A760D00D3F3CE /* HomeView.swift in Sources */ = {isa = PBXBuildFile; fileRef = 25B79E2B249A760D00D3F3CE /* HomeView.swift */; };
		25B79E2E249A767200D3F3CE /* UserAccount.swift in Sources */ = {isa = PBXBuildFile; fileRef = 25B79E2D249A767200D3F3CE /* UserAccount.swift */; };
		25B79E30249A775C00D3F3CE /* FetchUserAccounts.swift in Sources */ = {isa = PBXBuildFile; fileRef = 25B79E2F249A775C00D3F3CE /* FetchUserAccounts.swift */; };
		25B79E32249AB3CD00D3F3CE /* CardView.swift in Sources */ = {isa = PBXBuildFile; fileRef = 25B79E31249AB3CD00D3F3CE /* CardView.swift */; };
		25B79E34249AB6A800D3F3CE /* IndicatorView.swift in Sources */ = {isa = PBXBuildFile; fileRef = 25B79E33249AB6A800D3F3CE /* IndicatorView.swift */; };
/* End PBXBuildFile section */

/* Begin PBXFileReference section */
		25B79E0E249A740C00D3F3CE /* MVVM Design Pattern.app */ = {isa = PBXFileReference; explicitFileType = wrapper.application; includeInIndex = 0; path = "MVVM Design Pattern.app"; sourceTree = BUILT_PRODUCTS_DIR; };
		25B79E11249A740C00D3F3CE /* AppDelegate.swift */ = {isa = PBXFileReference; lastKnownFileType = sourcecode.swift; path = AppDelegate.swift; sourceTree = "<group>"; };
		25B79E13249A740C00D3F3CE /* SceneDelegate.swift */ = {isa = PBXFileReference; lastKnownFileType = sourcecode.swift; path = SceneDelegate.swift; sourceTree = "<group>"; };
		25B79E15249A740C00D3F3CE /* ContentView.swift */ = {isa = PBXFileReference; lastKnownFileType = sourcecode.swift; path = ContentView.swift; sourceTree = "<group>"; };
		25B79E17249A741500D3F3CE /* Assets.xcassets */ = {isa = PBXFileReference; lastKnownFileType = folder.assetcatalog; path = Assets.xcassets; sourceTree = "<group>"; };
		25B79E1A249A741500D3F3CE /* Preview Assets.xcassets */ = {isa = PBXFileReference; lastKnownFileType = folder.assetcatalog; path = "Preview Assets.xcassets"; sourceTree = "<group>"; };
		25B79E1D249A741500D3F3CE /* Base */ = {isa = PBXFileReference; lastKnownFileType = file.storyboard; name = Base; path = Base.lproj/LaunchScreen.storyboard; sourceTree = "<group>"; };
		25B79E1F249A741500D3F3CE /* Info.plist */ = {isa = PBXFileReference; lastKnownFileType = text.plist.xml; path = Info.plist; sourceTree = "<group>"; };
		25B79E2B249A760D00D3F3CE /* HomeView.swift */ = {isa = PBXFileReference; lastKnownFileType = sourcecode.swift; path = HomeView.swift; sourceTree = "<group>"; };
		25B79E2D249A767200D3F3CE /* UserAccount.swift */ = {isa = PBXFileReference; lastKnownFileType = sourcecode.swift; path = UserAccount.swift; sourceTree = "<group>"; };
		25B79E2F249A775C00D3F3CE /* FetchUserAccounts.swift */ = {isa = PBXFileReference; lastKnownFileType = sourcecode.swift; path = FetchUserAccounts.swift; sourceTree = "<group>"; };
		25B79E31249AB3CD00D3F3CE /* CardView.swift */ = {isa = PBXFileReference; lastKnownFileType = sourcecode.swift; path = CardView.swift; sourceTree = "<group>"; };
		25B79E33249AB6A800D3F3CE /* IndicatorView.swift */ = {isa = PBXFileReference; lastKnownFileType = sourcecode.swift; path = IndicatorView.swift; sourceTree = "<group>"; };
/* End PBXFileReference section */

/* Begin PBXFrameworksBuildPhase section */
		25B79E0B249A740C00D3F3CE /* Frameworks */ = {
			isa = PBXFrameworksBuildPhase;
			buildActionMask = 2147483647;
			files = (
				25B79E2A249A75C600D3F3CE /* SDWebImageSwiftUI in Frameworks */,
			);
			runOnlyForDeploymentPostprocessing = 0;
		};
/* End PBXFrameworksBuildPhase section */

/* Begin PBXGroup section */
		25B79E05249A740C00D3F3CE = {
			isa = PBXGroup;
			children = (
				25B79E10249A740C00D3F3CE /* MVVM Design Pattern */,
				25B79E0F249A740C00D3F3CE /* Products */,
			);
			sourceTree = "<group>";
		};
		25B79E0F249A740C00D3F3CE /* Products */ = {
			isa = PBXGroup;
			children = (
				25B79E0E249A740C00D3F3CE /* MVVM Design Pattern.app */,
			);
			name = Products;
			sourceTree = "<group>";
		};
		25B79E10249A740C00D3F3CE /* MVVM Design Pattern */ = {
			isa = PBXGroup;
			children = (
				25B79E27249A743200D3F3CE /* ViewModel */,
				25B79E26249A742C00D3F3CE /* Model */,
				25B79E25249A742600D3F3CE /* View */,
				25B79E11249A740C00D3F3CE /* AppDelegate.swift */,
				25B79E13249A740C00D3F3CE /* SceneDelegate.swift */,
				25B79E17249A741500D3F3CE /* Assets.xcassets */,
				25B79E1C249A741500D3F3CE /* LaunchScreen.storyboard */,
				25B79E1F249A741500D3F3CE /* Info.plist */,
				25B79E19249A741500D3F3CE /* Preview Content */,
			);
			path = "MVVM Design Pattern";
			sourceTree = "<group>";
		};
		25B79E19249A741500D3F3CE /* Preview Content */ = {
			isa = PBXGroup;
			children = (
				25B79E1A249A741500D3F3CE /* Preview Assets.xcassets */,
			);
			path = "Preview Content";
			sourceTree = "<group>";
		};
		25B79E25249A742600D3F3CE /* View */ = {
			isa = PBXGroup;
			children = (
				25B79E15249A740C00D3F3CE /* ContentView.swift */,
				25B79E2B249A760D00D3F3CE /* HomeView.swift */,
				25B79E31249AB3CD00D3F3CE /* CardView.swift */,
				25B79E33249AB6A800D3F3CE /* IndicatorView.swift */,
			);
			path = View;
			sourceTree = "<group>";
		};
		25B79E26249A742C00D3F3CE /* Model */ = {
			isa = PBXGroup;
			children = (
				25B79E2D249A767200D3F3CE /* UserAccount.swift */,
			);
			path = Model;
			sourceTree = "<group>";
		};
		25B79E27249A743200D3F3CE /* ViewModel */ = {
			isa = PBXGroup;
			children = (
				25B79E2F249A775C00D3F3CE /* FetchUserAccounts.swift */,
			);
			path = ViewModel;
			sourceTree = "<group>";
		};
/* End PBXGroup section */

/* Begin PBXNativeTarget section */
		25B79E0D249A740C00D3F3CE /* MVVM Design Pattern */ = {
			isa = PBXNativeTarget;
			buildConfigurationList = 25B79E22249A741500D3F3CE /* Build configuration list for PBXNativeTarget "MVVM Design Pattern" */;
			buildPhases = (
				25B79E0A249A740C00D3F3CE /* Sources */,
				25B79E0B249A740C00D3F3CE /* Frameworks */,
				25B79E0C249A740C00D3F3CE /* Resources */,
			);
			buildRules = (
			);
			dependencies = (
			);
			name = "MVVM Design Pattern";
			packageProductDependencies = (
				25B79E29249A75C600D3F3CE /* SDWebImageSwiftUI */,
			);
			productName = "MVVM Design Pattern";
			productReference = 25B79E0E249A740C00D3F3CE /* MVVM Design Pattern.app */;
			productType = "com.apple.product-type.application";
		};
/* End PBXNativeTarget section */

/* Begin PBXProject section */
		25B79E06249A740C00D3F3CE /* Project object */ = {
			isa = PBXProject;
			attributes = {
				LastSwiftUpdateCheck = 1130;
				LastUpgradeCheck = 1130;
				ORGANIZATIONNAME = "Anjali Kevadiya";
				TargetAttributes = {
					25B79E0D249A740C00D3F3CE = {
						CreatedOnToolsVersion = 11.3.1;
					};
				};
			};
			buildConfigurationList = 25B79E09249A740C00D3F3CE /* Build configuration list for PBXProject "MVVM Design Pattern" */;
			compatibilityVersion = "Xcode 9.3";
			developmentRegion = en;
			hasScannedForEncodings = 0;
			knownRegions = (
				en,
				Base,
			);
			mainGroup = 25B79E05249A740C00D3F3CE;
			packageReferences = (
				25B79E28249A75C600D3F3CE /* XCRemoteSwiftPackageReference "SDWebImageSwiftUI" */,
			);
			productRefGroup = 25B79E0F249A740C00D3F3CE /* Products */;
			projectDirPath = "";
			projectRoot = "";
			targets = (
				25B79E0D249A740C00D3F3CE /* MVVM Design Pattern */,
			);
		};
/* End PBXProject section */

/* Begin PBXResourcesBuildPhase section */
		25B79E0C249A740C00D3F3CE /* Resources */ = {
			isa = PBXResourcesBuildPhase;
			buildActionMask = 2147483647;
			files = (
				25B79E1E249A741500D3F3CE /* LaunchScreen.storyboard in Resources */,
				25B79E1B249A741500D3F3CE /* Preview Assets.xcassets in Resources */,
				25B79E18249A741500D3F3CE /* Assets.xcassets in Resources */,
			);
			runOnlyForDeploymentPostprocessing = 0;
		};
/* End PBXResourcesBuildPhase section */

/* Begin PBXSourcesBuildPhase section */
		25B79E0A249A740C00D3F3CE /* Sources */ = {
			isa = PBXSourcesBuildPhase;
			buildActionMask = 2147483647;
			files = (
				25B79E32249AB3CD00D3F3CE /* CardView.swift in Sources */,
				25B79E12249A740C00D3F3CE /* AppDelegate.swift in Sources */,
				25B79E2C249A760D00D3F3CE /* HomeView.swift in Sources */,
				25B79E14249A740C00D3F3CE /* SceneDelegate.swift in Sources */,
				25B79E16249A740C00D3F3CE /* ContentView.swift in Sources */,
				25B79E2E249A767200D3F3CE /* UserAccount.swift in Sources */,
				25B79E34249AB6A800D3F3CE /* IndicatorView.swift in Sources */,
				25B79E30249A775C00D3F3CE /* FetchUserAccounts.swift in Sources */,
			);
			runOnlyForDeploymentPostprocessing = 0;
		};
/* End PBXSourcesBuildPhase section */

/* Begin PBXVariantGroup section */
		25B79E1C249A741500D3F3CE /* LaunchScreen.storyboard */ = {
			isa = PBXVariantGroup;
			children = (
				25B79E1D249A741500D3F3CE /* Base */,
			);
			name = LaunchScreen.storyboard;
			sourceTree = "<group>";
		};
/* End PBXVariantGroup section */

/* Begin XCBuildConfiguration section */
		25B79E20249A741500D3F3CE /* Debug */ = {
			isa = XCBuildConfiguration;
			buildSettings = {
				ALWAYS_SEARCH_USER_PATHS = NO;
				CLANG_ANALYZER_NONNULL = YES;
				CLANG_ANALYZER_NUMBER_OBJECT_CONVERSION = YES_AGGRESSIVE;
				CLANG_CXX_LANGUAGE_STANDARD = "gnu++14";
				CLANG_CXX_LIBRARY = "libc++";
				CLANG_ENABLE_MODULES = YES;
				CLANG_ENABLE_OBJC_ARC = YES;
				CLANG_ENABLE_OBJC_WEAK = YES;
				CLANG_WARN_BLOCK_CAPTURE_AUTORELEASING = YES;
				CLANG_WARN_BOOL_CONVERSION = YES;
				CLANG_WARN_COMMA = YES;
				CLANG_WARN_CONSTANT_CONVERSION = YES;
				CLANG_WARN_DEPRECATED_OBJC_IMPLEMENTATIONS = YES;
				CLANG_WARN_DIRECT_OBJC_ISA_USAGE = YES_ERROR;
				CLANG_WARN_DOCUMENTATION_COMMENTS = YES;
				CLANG_WARN_EMPTY_BODY = YES;
				CLANG_WARN_ENUM_CONVERSION = YES;
				CLANG_WARN_INFINITE_RECURSION = YES;
				CLANG_WARN_INT_CONVERSION = YES;
				CLANG_WARN_NON_LITERAL_NULL_CONVERSION = YES;
				CLANG_WARN_OBJC_IMPLICIT_RETAIN_SELF = YES;
				CLANG_WARN_OBJC_LITERAL_CONVERSION = YES;
				CLANG_WARN_OBJC_ROOT_CLASS = YES_ERROR;
				CLANG_WARN_RANGE_LOOP_ANALYSIS = YES;
				CLANG_WARN_STRICT_PROTOTYPES = YES;
				CLANG_WARN_SUSPICIOUS_MOVE = YES;
				CLANG_WARN_UNGUARDED_AVAILABILITY = YES_AGGRESSIVE;
				CLANG_WARN_UNREACHABLE_CODE = YES;
				CLANG_WARN__DUPLICATE_METHOD_MATCH = YES;
				COPY_PHASE_STRIP = NO;
				DEBUG_INFORMATION_FORMAT = dwarf;
				ENABLE_STRICT_OBJC_MSGSEND = YES;
				ENABLE_TESTABILITY = YES;
				GCC_C_LANGUAGE_STANDARD = gnu11;
				GCC_DYNAMIC_NO_PIC = NO;
				GCC_NO_COMMON_BLOCKS = YES;
				GCC_OPTIMIZATION_LEVEL = 0;
				GCC_PREPROCESSOR_DEFINITIONS = (
					"DEBUG=1",
					"$(inherited)",
				);
				GCC_WARN_64_TO_32_BIT_CONVERSION = YES;
				GCC_WARN_ABOUT_RETURN_TYPE = YES_ERROR;
				GCC_WARN_UNDECLARED_SELECTOR = YES;
				GCC_WARN_UNINITIALIZED_AUTOS = YES_AGGRESSIVE;
				GCC_WARN_UNUSED_FUNCTION = YES;
				GCC_WARN_UNUSED_VARIABLE = YES;
				IPHONEOS_DEPLOYMENT_TARGET = 13.2;
				MTL_ENABLE_DEBUG_INFO = INCLUDE_SOURCE;
				MTL_FAST_MATH = YES;
				ONLY_ACTIVE_ARCH = YES;
				SDKROOT = iphoneos;
				SWIFT_ACTIVE_COMPILATION_CONDITIONS = DEBUG;
				SWIFT_OPTIMIZATION_LEVEL = "-Onone";
			};
			name = Debug;
		};
		25B79E21249A741500D3F3CE /* Release */ = {
			isa = XCBuildConfiguration;
			buildSettings = {
				ALWAYS_SEARCH_USER_PATHS = NO;
				CLANG_ANALYZER_NONNULL = YES;
				CLANG_ANALYZER_NUMBER_OBJECT_CONVERSION = YES_AGGRESSIVE;
				CLANG_CXX_LANGUAGE_STANDARD = "gnu++14";
				CLANG_CXX_LIBRARY = "libc++";
				CLANG_ENABLE_MODULES = YES;
				CLANG_ENABLE_OBJC_ARC = YES;
				CLANG_ENABLE_OBJC_WEAK = YES;
				CLANG_WARN_BLOCK_CAPTURE_AUTORELEASING = YES;
				CLANG_WARN_BOOL_CONVERSION = YES;
				CLANG_WARN_COMMA = YES;
				CLANG_WARN_CONSTANT_CONVERSION = YES;
				CLANG_WARN_DEPRECATED_OBJC_IMPLEMENTATIONS = YES;
				CLANG_WARN_DIRECT_OBJC_ISA_USAGE = YES_ERROR;
				CLANG_WARN_DOCUMENTATION_COMMENTS = YES;
				CLANG_WARN_EMPTY_BODY = YES;
				CLANG_WARN_ENUM_CONVERSION = YES;
				CLANG_WARN_INFINITE_RECURSION = YES;
				CLANG_WARN_INT_CONVERSION = YES;
				CLANG_WARN_NON_LITERAL_NULL_CONVERSION = YES;
				CLANG_WARN_OBJC_IMPLICIT_RETAIN_SELF = YES;
				CLANG_WARN_OBJC_LITERAL_CONVERSION = YES;
				CLANG_WARN_OBJC_ROOT_CLASS = YES_ERROR;
				CLANG_WARN_RANGE_LOOP_ANALYSIS = YES;
				CLANG_WARN_STRICT_PROTOTYPES = YES;
				CLANG_WARN_SUSPICIOUS_MOVE = YES;
				CLANG_WARN_UNGUARDED_AVAILABILITY = YES_AGGRESSIVE;
				CLANG_WARN_UNREACHABLE_CODE = YES;
				CLANG_WARN__DUPLICATE_METHOD_MATCH = YES;
				COPY_PHASE_STRIP = NO;
				DEBUG_INFORMATION_FORMAT = "dwarf-with-dsym";
				ENABLE_NS_ASSERTIONS = NO;
				ENABLE_STRICT_OBJC_MSGSEND = YES;
				GCC_C_LANGUAGE_STANDARD = gnu11;
				GCC_NO_COMMON_BLOCKS = YES;
				GCC_WARN_64_TO_32_BIT_CONVERSION = YES;
				GCC_WARN_ABOUT_RETURN_TYPE = YES_ERROR;
				GCC_WARN_UNDECLARED_SELECTOR = YES;
				GCC_WARN_UNINITIALIZED_AUTOS = YES_AGGRESSIVE;
				GCC_WARN_UNUSED_FUNCTION = YES;
				GCC_WARN_UNUSED_VARIABLE = YES;
				IPHONEOS_DEPLOYMENT_TARGET = 13.2;
				MTL_ENABLE_DEBUG_INFO = NO;
				MTL_FAST_MATH = YES;
				SDKROOT = iphoneos;
				SWIFT_COMPILATION_MODE = wholemodule;
				SWIFT_OPTIMIZATION_LEVEL = "-O";
				VALIDATE_PRODUCT = YES;
			};
			name = Release;
		};
		25B79E23249A741500D3F3CE /* Debug */ = {
			isa = XCBuildConfiguration;
			buildSettings = {
				ASSETCATALOG_COMPILER_APPICON_NAME = AppIcon;
				CODE_SIGN_STYLE = Automatic;
				DEVELOPMENT_ASSET_PATHS = "\"MVVM Design Pattern/Preview Content\"";
				ENABLE_PREVIEWS = YES;
				INFOPLIST_FILE = "MVVM Design Pattern/Info.plist";
				LD_RUNPATH_SEARCH_PATHS = (
					"$(inherited)",
					"@executable_path/Frameworks",
				);
				PRODUCT_BUNDLE_IDENTIFIER = "com.anjaliKevadiya.MVVM-Design-Pattern";
				PRODUCT_NAME = "$(TARGET_NAME)";
				SWIFT_VERSION = 5.0;
				TARGETED_DEVICE_FAMILY = "1,2";
			};
			name = Debug;
		};
		25B79E24249A741500D3F3CE /* Release */ = {
			isa = XCBuildConfiguration;
			buildSettings = {
				ASSETCATALOG_COMPILER_APPICON_NAME = AppIcon;
				CODE_SIGN_STYLE = Automatic;
				DEVELOPMENT_ASSET_PATHS = "\"MVVM Design Pattern/Preview Content\"";
				ENABLE_PREVIEWS = YES;
				INFOPLIST_FILE = "MVVM Design Pattern/Info.plist";
				LD_RUNPATH_SEARCH_PATHS = (
					"$(inherited)",
					"@executable_path/Frameworks",
				);
				PRODUCT_BUNDLE_IDENTIFIER = "com.anjaliKevadiya.MVVM-Design-Pattern";
				PRODUCT_NAME = "$(TARGET_NAME)";
				SWIFT_VERSION = 5.0;
				TARGETED_DEVICE_FAMILY = "1,2";
			};
			name = Release;
		};
/* End XCBuildConfiguration section */

/* Begin XCConfigurationList section */
		25B79E09249A740C00D3F3CE /* Build configuration list for PBXProject "MVVM Design Pattern" */ = {
			isa = XCConfigurationList;
			buildConfigurations = (
				25B79E20249A741500D3F3CE /* Debug */,
				25B79E21249A741500D3F3CE /* Release */,
			);
			defaultConfigurationIsVisible = 0;
			defaultConfigurationName = Release;
		};
		25B79E22249A741500D3F3CE /* Build configuration list for PBXNativeTarget "MVVM Design Pattern" */ = {
			isa = XCConfigurationList;
			buildConfigurations = (
				25B79E23249A741500D3F3CE /* Debug */,
				25B79E24249A741500D3F3CE /* Release */,
			);
			defaultConfigurationIsVisible = 0;
			defaultConfigurationName = Release;
		};
/* End XCConfigurationList section */

/* Begin XCRemoteSwiftPackageReference section */
		25B79E28249A75C600D3F3CE /* XCRemoteSwiftPackageReference "SDWebImageSwiftUI" */ = {
			isa = XCRemoteSwiftPackageReference;
			repositoryURL = "https://github.com/SDWebImage/SDWebImageSwiftUI.git";
			requirement = {
				kind = upToNextMajorVersion;
				minimumVersion = 1.5.0;
			};
		};
/* End XCRemoteSwiftPackageReference section */

/* Begin XCSwiftPackageProductDependency section */
		25B79E29249A75C600D3F3CE /* SDWebImageSwiftUI */ = {
			isa = XCSwiftPackageProductDependency;
			package = 25B79E28249A75C600D3F3CE /* XCRemoteSwiftPackageReference "SDWebImageSwiftUI" */;
			productName = SDWebImageSwiftUI;
		};
/* End XCSwiftPackageProductDependency section */
	};
	rootObject = 25B79E06249A740C00D3F3CE /* Project object */;
}
